// !$*UTF8*$!
{
	archiveVersion = 1;
	classes = {
	};
	objectVersion = 46;
	objects = {

/* Begin PBXBuildFile section */
		C233A48E16DCD19300420868 /* UIKit.framework in Frameworks */ = {isa = PBXBuildFile; fileRef = C233A48D16DCD19300420868 /* UIKit.framework */; };
		C233A49016DCD19300420868 /* Foundation.framework in Frameworks */ = {isa = PBXBuildFile; fileRef = C233A48F16DCD19300420868 /* Foundation.framework */; };
		C233A49216DCD19300420868 /* CoreGraphics.framework in Frameworks */ = {isa = PBXBuildFile; fileRef = C233A49116DCD19300420868 /* CoreGraphics.framework */; };
		C233A49816DCD19300420868 /* InfoPlist.strings in Resources */ = {isa = PBXBuildFile; fileRef = C233A49616DCD19300420868 /* InfoPlist.strings */; };
		C233A49A16DCD19300420868 /* main.m in Sources */ = {isa = PBXBuildFile; fileRef = C233A49916DCD19300420868 /* main.m */; };
		C233A49E16DCD19300420868 /* AppDelegate.m in Sources */ = {isa = PBXBuildFile; fileRef = C233A49D16DCD19300420868 /* AppDelegate.m */; };
		C233A4A016DCD19300420868 /* Default.png in Resources */ = {isa = PBXBuildFile; fileRef = C233A49F16DCD19300420868 /* Default.png */; };
		C233A4A216DCD19300420868 /* Default@2x.png in Resources */ = {isa = PBXBuildFile; fileRef = C233A4A116DCD19300420868 /* Default@2x.png */; };
		C233A4A416DCD19300420868 /* Default-568h@2x.png in Resources */ = {isa = PBXBuildFile; fileRef = C233A4A316DCD19300420868 /* Default-568h@2x.png */; };
		C233A4AC16DCD1AB00420868 /* RootViewController.m in Sources */ = {isa = PBXBuildFile; fileRef = C233A4AB16DCD1AB00420868 /* RootViewController.m */; };
		C233A4C416DCD34400420868 /* TFHpple.m in Sources */ = {isa = PBXBuildFile; fileRef = C233A4C116DCD34400420868 /* TFHpple.m */; };
		C233A4C516DCD34400420868 /* TFHppleElement.m in Sources */ = {isa = PBXBuildFile; fileRef = C233A4C316DCD34400420868 /* TFHppleElement.m */; };
		C233A4C816DCD35200420868 /* XPathQuery.m in Sources */ = {isa = PBXBuildFile; fileRef = C233A4C716DCD35200420868 /* XPathQuery.m */; };
		C233A4CA16DCD68300420868 /* plistdemo.plist in Resources */ = {isa = PBXBuildFile; fileRef = C233A4C916DCD68300420868 /* plistdemo.plist */; };
		C233A4CC16DCFD7800420868 /* libxml2.dylib in Frameworks */ = {isa = PBXBuildFile; fileRef = C233A4CB16DCFD7800420868 /* libxml2.dylib */; };
		C23A1EBA16E6267F0090CB9A /* MitbbsTableViewCell.m in Sources */ = {isa = PBXBuildFile; fileRef = C23A1EB916E6267F0090CB9A /* MitbbsTableViewCell.m */; };
		C23A1EC516E631390090CB9A /* 123@2x.png in Resources */ = {isa = PBXBuildFile; fileRef = C23A1EC416E631390090CB9A /* 123@2x.png */; };
		C23A1ED916E655770090CB9A /* ArticleInformation.m in Sources */ = {isa = PBXBuildFile; fileRef = C23A1ED816E655770090CB9A /* ArticleInformation.m */; };
		C263191D16DF3CB00015E696 /* QuartzCore.framework in Frameworks */ = {isa = PBXBuildFile; fileRef = C263191C16DF3CB00015E696 /* QuartzCore.framework */; };
		C28E477016E8E49B00C37651 /* pagecornerlarge.png in Resources */ = {isa = PBXBuildFile; fileRef = C28E476E16E8E49B00C37651 /* pagecornerlarge.png */; };
		C28E477116E8E49B00C37651 /* pagecornerlarge@2x.png in Resources */ = {isa = PBXBuildFile; fileRef = C28E476F16E8E49B00C37651 /* pagecornerlarge@2x.png */; };
		C2A24ABD16EB370F00A2E40E /* FlickTabButton.m in Sources */ = {isa = PBXBuildFile; fileRef = C2A24AAF16EB370F00A2E40E /* FlickTabButton.m */; settings = {COMPILER_FLAGS = "-fno-objc-arc"; }; };
		C2A24ABE16EB370F00A2E40E /* FlickTableViewController.m in Sources */ = {isa = PBXBuildFile; fileRef = C2A24AB216EB370F00A2E40E /* FlickTableViewController.m */; settings = {COMPILER_FLAGS = "-fno-objc-arc"; }; };
		C2A24ABF16EB370F00A2E40E /* FlickTabView.m in Sources */ = {isa = PBXBuildFile; fileRef = C2A24AB416EB370F00A2E40E /* FlickTabView.m */; settings = {COMPILER_FLAGS = "-fno-objc-arc"; }; };
		C2A24AC016EB370F00A2E40E /* blue-vertical-line.png in Resources */ = {isa = PBXBuildFile; fileRef = C2A24AB616EB370F00A2E40E /* blue-vertical-line.png */; };
		C2A24AC116EB370F00A2E40E /* flick-fade-lt.png in Resources */ = {isa = PBXBuildFile; fileRef = C2A24AB716EB370F00A2E40E /* flick-fade-lt.png */; };
		C2A24AC216EB370F00A2E40E /* flick-fade-rt.png in Resources */ = {isa = PBXBuildFile; fileRef = C2A24AB816EB370F00A2E40E /* flick-fade-rt.png */; };
		C2A24AC316EB370F00A2E40E /* flick-tab-bck.png in Resources */ = {isa = PBXBuildFile; fileRef = C2A24AB916EB370F00A2E40E /* flick-tab-bck.png */; };
		C2A24AC416EB370F00A2E40E /* flick-tab-over.png in Resources */ = {isa = PBXBuildFile; fileRef = C2A24ABA16EB370F00A2E40E /* flick-tab-over.png */; };
		C2A24AC516EB370F00A2E40E /* uparrow.png in Resources */ = {isa = PBXBuildFile; fileRef = C2A24ABB16EB370F00A2E40E /* uparrow.png */; };
		C2A24AC616EB370F00A2E40E /* uparrow@2x.png in Resources */ = {isa = PBXBuildFile; fileRef = C2A24ABC16EB370F00A2E40E /* uparrow@2x.png */; };
		C2A24B0116EB3DE200A2E40E /* cancel-button-background.png in Resources */ = {isa = PBXBuildFile; fileRef = C2A24AFE16EB3DE200A2E40E /* cancel-button-background.png */; };
		C2B81F6C16EC222D0034F056 /* blue-horizontal-line.png in Resources */ = {isa = PBXBuildFile; fileRef = C2B81F6516EC222D0034F056 /* blue-horizontal-line.png */; };
		C2B81F6D16EC222D0034F056 /* navbarBackBlack.png in Resources */ = {isa = PBXBuildFile; fileRef = C2B81F6616EC222D0034F056 /* navbarBackBlack.png */; };
		C2B81F6E16EC222D0034F056 /* profileBarButton.png in Resources */ = {isa = PBXBuildFile; fileRef = C2B81F6716EC222D0034F056 /* profileBarButton.png */; };
		C2B81F6F16EC222D0034F056 /* profileBarButton@2x.png in Resources */ = {isa = PBXBuildFile; fileRef = C2B81F6816EC222D0034F056 /* profileBarButton@2x.png */; };
		C2B81F7016EC222D0034F056 /* profileBarButtonHighlighted.png in Resources */ = {isa = PBXBuildFile; fileRef = C2B81F6916EC222D0034F056 /* profileBarButtonHighlighted.png */; };
		C2B81F7116EC222D0034F056 /* profileBarButtonHighlighted@2x.png in Resources */ = {isa = PBXBuildFile; fileRef = C2B81F6A16EC222D0034F056 /* profileBarButtonHighlighted@2x.png */; };
		C2B81F7416EC52E70034F056 /* tabBack.png in Resources */ = {isa = PBXBuildFile; fileRef = C2B81F7316EC52E60034F056 /* tabBack.png */; };
		C2B81F7716EC6E310034F056 /* pagecornerlarge-prefs.png in Resources */ = {isa = PBXBuildFile; fileRef = C2B81F7516EC6E300034F056 /* pagecornerlarge-prefs.png */; };
		C2B81F7816EC6E310034F056 /* pagecornerlarge-prefs@2x.png in Resources */ = {isa = PBXBuildFile; fileRef = C2B81F7616EC6E310034F056 /* pagecornerlarge-prefs@2x.png */; };
		C2B81F7F16ECBA040034F056 /* SecondViewController.m in Sources */ = {isa = PBXBuildFile; fileRef = C2B81F7E16ECBA030034F056 /* SecondViewController.m */; };
/* End PBXBuildFile section */

/* Begin PBXFileReference section */
		C233A48916DCD19300420868 /* plistDemo.app */ = {isa = PBXFileReference; explicitFileType = wrapper.application; includeInIndex = 0; path = plistDemo.app; sourceTree = BUILT_PRODUCTS_DIR; };
		C233A48D16DCD19300420868 /* UIKit.framework */ = {isa = PBXFileReference; lastKnownFileType = wrapper.framework; name = UIKit.framework; path = System/Library/Frameworks/UIKit.framework; sourceTree = SDKROOT; };
		C233A48F16DCD19300420868 /* Foundation.framework */ = {isa = PBXFileReference; lastKnownFileType = wrapper.framework; name = Foundation.framework; path = System/Library/Frameworks/Foundation.framework; sourceTree = SDKROOT; };
		C233A49116DCD19300420868 /* CoreGraphics.framework */ = {isa = PBXFileReference; lastKnownFileType = wrapper.framework; name = CoreGraphics.framework; path = System/Library/Frameworks/CoreGraphics.framework; sourceTree = SDKROOT; };
		C233A49516DCD19300420868 /* plistDemo-Info.plist */ = {isa = PBXFileReference; lastKnownFileType = text.plist.xml; path = "plistDemo-Info.plist"; sourceTree = "<group>"; };
		C233A49716DCD19300420868 /* en */ = {isa = PBXFileReference; lastKnownFileType = text.plist.strings; name = en; path = en.lproj/InfoPlist.strings; sourceTree = "<group>"; };
		C233A49916DCD19300420868 /* main.m */ = {isa = PBXFileReference; lastKnownFileType = sourcecode.c.objc; path = main.m; sourceTree = "<group>"; };
		C233A49B16DCD19300420868 /* plistDemo-Prefix.pch */ = {isa = PBXFileReference; lastKnownFileType = sourcecode.c.h; path = "plistDemo-Prefix.pch"; sourceTree = "<group>"; };
		C233A49C16DCD19300420868 /* AppDelegate.h */ = {isa = PBXFileReference; lastKnownFileType = sourcecode.c.h; path = AppDelegate.h; sourceTree = "<group>"; };
		C233A49D16DCD19300420868 /* AppDelegate.m */ = {isa = PBXFileReference; lastKnownFileType = sourcecode.c.objc; path = AppDelegate.m; sourceTree = "<group>"; };
		C233A49F16DCD19300420868 /* Default.png */ = {isa = PBXFileReference; lastKnownFileType = image.png; path = Default.png; sourceTree = "<group>"; };
		C233A4A116DCD19300420868 /* Default@2x.png */ = {isa = PBXFileReference; lastKnownFileType = image.png; path = "Default@2x.png"; sourceTree = "<group>"; };
		C233A4A316DCD19300420868 /* Default-568h@2x.png */ = {isa = PBXFileReference; lastKnownFileType = image.png; path = "Default-568h@2x.png"; sourceTree = "<group>"; };
		C233A4AA16DCD1AB00420868 /* RootViewController.h */ = {isa = PBXFileReference; fileEncoding = 4; lastKnownFileType = sourcecode.c.h; path = RootViewController.h; sourceTree = "<group>"; };
		C233A4AB16DCD1AB00420868 /* RootViewController.m */ = {isa = PBXFileReference; fileEncoding = 4; lastKnownFileType = sourcecode.c.objc; path = RootViewController.m; sourceTree = "<group>"; };
		C233A4C016DCD34400420868 /* TFHpple.h */ = {isa = PBXFileReference; fileEncoding = 4; lastKnownFileType = sourcecode.c.h; path = TFHpple.h; sourceTree = "<group>"; };
		C233A4C116DCD34400420868 /* TFHpple.m */ = {isa = PBXFileReference; fileEncoding = 4; lastKnownFileType = sourcecode.c.objc; path = TFHpple.m; sourceTree = "<group>"; };
		C233A4C216DCD34400420868 /* TFHppleElement.h */ = {isa = PBXFileReference; fileEncoding = 4; lastKnownFileType = sourcecode.c.h; path = TFHppleElement.h; sourceTree = "<group>"; };
		C233A4C316DCD34400420868 /* TFHppleElement.m */ = {isa = PBXFileReference; fileEncoding = 4; lastKnownFileType = sourcecode.c.objc; path = TFHppleElement.m; sourceTree = "<group>"; };
		C233A4C616DCD35200420868 /* XPathQuery.h */ = {isa = PBXFileReference; fileEncoding = 4; lastKnownFileType = sourcecode.c.h; path = XPathQuery.h; sourceTree = "<group>"; };
		C233A4C716DCD35200420868 /* XPathQuery.m */ = {isa = PBXFileReference; fileEncoding = 4; lastKnownFileType = sourcecode.c.objc; path = XPathQuery.m; sourceTree = "<group>"; };
		C233A4C916DCD68300420868 /* plistdemo.plist */ = {isa = PBXFileReference; fileEncoding = 4; lastKnownFileType = text.plist.xml; path = plistdemo.plist; sourceTree = "<group>"; };
		C233A4CB16DCFD7800420868 /* libxml2.dylib */ = {isa = PBXFileReference; lastKnownFileType = "compiled.mach-o.dylib"; name = libxml2.dylib; path = usr/lib/libxml2.dylib; sourceTree = SDKROOT; };
		C23A1EB816E6267F0090CB9A /* MitbbsTableViewCell.h */ = {isa = PBXFileReference; fileEncoding = 4; lastKnownFileType = sourcecode.c.h; path = MitbbsTableViewCell.h; sourceTree = "<group>"; };
		C23A1EB916E6267F0090CB9A /* MitbbsTableViewCell.m */ = {isa = PBXFileReference; fileEncoding = 4; lastKnownFileType = sourcecode.c.objc; path = MitbbsTableViewCell.m; sourceTree = "<group>"; };
		C23A1EC416E631390090CB9A /* 123@2x.png */ = {isa = PBXFileReference; lastKnownFileType = image.png; path = "123@2x.png"; sourceTree = "<group>"; };
		C23A1ED716E655770090CB9A /* ArticleInformation.h */ = {isa = PBXFileReference; fileEncoding = 4; lastKnownFileType = sourcecode.c.h; path = ArticleInformation.h; sourceTree = "<group>"; };
		C23A1ED816E655770090CB9A /* ArticleInformation.m */ = {isa = PBXFileReference; fileEncoding = 4; lastKnownFileType = sourcecode.c.objc; path = ArticleInformation.m; sourceTree = "<group>"; };
		C263191C16DF3CB00015E696 /* QuartzCore.framework */ = {isa = PBXFileReference; lastKnownFileType = wrapper.framework; name = QuartzCore.framework; path = System/Library/Frameworks/QuartzCore.framework; sourceTree = SDKROOT; };
		C28E476E16E8E49B00C37651 /* pagecornerlarge.png */ = {isa = PBXFileReference; lastKnownFileType = image.png; path = pagecornerlarge.png; sourceTree = "<group>"; };
		C28E476F16E8E49B00C37651 /* pagecornerlarge@2x.png */ = {isa = PBXFileReference; lastKnownFileType = image.png; path = "pagecornerlarge@2x.png"; sourceTree = "<group>"; };
		C2A24AAE16EB370F00A2E40E /* FlickTabButton.h */ = {isa = PBXFileReference; fileEncoding = 4; lastKnownFileType = sourcecode.c.h; path = FlickTabButton.h; sourceTree = "<group>"; };
		C2A24AAF16EB370F00A2E40E /* FlickTabButton.m */ = {isa = PBXFileReference; fileEncoding = 4; lastKnownFileType = sourcecode.c.objc; path = FlickTabButton.m; sourceTree = "<group>"; };
		C2A24AB016EB370F00A2E40E /* FlickTabControl.h */ = {isa = PBXFileReference; fileEncoding = 4; lastKnownFileType = sourcecode.c.h; path = FlickTabControl.h; sourceTree = "<group>"; };
		C2A24AB116EB370F00A2E40E /* FlickTableViewController.h */ = {isa = PBXFileReference; fileEncoding = 4; lastKnownFileType = sourcecode.c.h; path = FlickTableViewController.h; sourceTree = "<group>"; };
		C2A24AB216EB370F00A2E40E /* FlickTableViewController.m */ = {isa = PBXFileReference; fileEncoding = 4; lastKnownFileType = sourcecode.c.objc; path = FlickTableViewController.m; sourceTree = "<group>"; };
		C2A24AB316EB370F00A2E40E /* FlickTabView.h */ = {isa = PBXFileReference; fileEncoding = 4; lastKnownFileType = sourcecode.c.h; path = FlickTabView.h; sourceTree = "<group>"; };
		C2A24AB416EB370F00A2E40E /* FlickTabView.m */ = {isa = PBXFileReference; fileEncoding = 4; lastKnownFileType = sourcecode.c.objc; path = FlickTabView.m; sourceTree = "<group>"; };
		C2A24AB616EB370F00A2E40E /* blue-vertical-line.png */ = {isa = PBXFileReference; lastKnownFileType = image.png; path = "blue-vertical-line.png"; sourceTree = "<group>"; };
		C2A24AB716EB370F00A2E40E /* flick-fade-lt.png */ = {isa = PBXFileReference; lastKnownFileType = image.png; path = "flick-fade-lt.png"; sourceTree = "<group>"; };
		C2A24AB816EB370F00A2E40E /* flick-fade-rt.png */ = {isa = PBXFileReference; lastKnownFileType = image.png; path = "flick-fade-rt.png"; sourceTree = "<group>"; };
		C2A24AB916EB370F00A2E40E /* flick-tab-bck.png */ = {isa = PBXFileReference; lastKnownFileType = image.png; path = "flick-tab-bck.png"; sourceTree = "<group>"; };
		C2A24ABA16EB370F00A2E40E /* flick-tab-over.png */ = {isa = PBXFileReference; lastKnownFileType = image.png; path = "flick-tab-over.png"; sourceTree = "<group>"; };
		C2A24ABB16EB370F00A2E40E /* uparrow.png */ = {isa = PBXFileReference; lastKnownFileType = image.png; path = uparrow.png; sourceTree = "<group>"; };
		C2A24ABC16EB370F00A2E40E /* uparrow@2x.png */ = {isa = PBXFileReference; lastKnownFileType = image.png; path = "uparrow@2x.png"; sourceTree = "<group>"; };
		C2A24AFE16EB3DE200A2E40E /* cancel-button-background.png */ = {isa = PBXFileReference; lastKnownFileType = image.png; path = "cancel-button-background.png"; sourceTree = "<group>"; };
		C2B81F6516EC222D0034F056 /* blue-horizontal-line.png */ = {isa = PBXFileReference; lastKnownFileType = image.png; path = "blue-horizontal-line.png"; sourceTree = "<group>"; };
		C2B81F6616EC222D0034F056 /* navbarBackBlack.png */ = {isa = PBXFileReference; lastKnownFileType = image.png; path = navbarBackBlack.png; sourceTree = "<group>"; };
		C2B81F6716EC222D0034F056 /* profileBarButton.png */ = {isa = PBXFileReference; lastKnownFileType = image.png; path = profileBarButton.png; sourceTree = "<group>"; };
		C2B81F6816EC222D0034F056 /* profileBarButton@2x.png */ = {isa = PBXFileReference; lastKnownFileType = image.png; path = "profileBarButton@2x.png"; sourceTree = "<group>"; };
		C2B81F6916EC222D0034F056 /* profileBarButtonHighlighted.png */ = {isa = PBXFileReference; lastKnownFileType = image.png; path = profileBarButtonHighlighted.png; sourceTree = "<group>"; };
		C2B81F6A16EC222D0034F056 /* profileBarButtonHighlighted@2x.png */ = {isa = PBXFileReference; lastKnownFileType = image.png; path = "profileBarButtonHighlighted@2x.png"; sourceTree = "<group>"; };
		C2B81F7316EC52E60034F056 /* tabBack.png */ = {isa = PBXFileReference; lastKnownFileType = image.png; path = tabBack.png; sourceTree = "<group>"; };
		C2B81F7516EC6E300034F056 /* pagecornerlarge-prefs.png */ = {isa = PBXFileReference; lastKnownFileType = image.png; path = "pagecornerlarge-prefs.png"; sourceTree = "<group>"; };
		C2B81F7616EC6E310034F056 /* pagecornerlarge-prefs@2x.png */ = {isa = PBXFileReference; lastKnownFileType = image.png; path = "pagecornerlarge-prefs@2x.png"; sourceTree = "<group>"; };
		C2B81F7D16ECBA020034F056 /* SecondViewController.h */ = {isa = PBXFileReference; fileEncoding = 4; lastKnownFileType = sourcecode.c.h; path = SecondViewController.h; sourceTree = "<group>"; };
		C2B81F7E16ECBA030034F056 /* SecondViewController.m */ = {isa = PBXFileReference; fileEncoding = 4; lastKnownFileType = sourcecode.c.objc; path = SecondViewController.m; sourceTree = "<group>"; };
/* End PBXFileReference section */

/* Begin PBXFrameworksBuildPhase section */
		C233A48616DCD19300420868 /* Frameworks */ = {
			isa = PBXFrameworksBuildPhase;
			buildActionMask = 2147483647;
			files = (
				C263191D16DF3CB00015E696 /* QuartzCore.framework in Frameworks */,
				C233A4CC16DCFD7800420868 /* libxml2.dylib in Frameworks */,
				C233A48E16DCD19300420868 /* UIKit.framework in Frameworks */,
				C233A49016DCD19300420868 /* Foundation.framework in Frameworks */,
				C233A49216DCD19300420868 /* CoreGraphics.framework in Frameworks */,
			);
			runOnlyForDeploymentPostprocessing = 0;
		};
/* End PBXFrameworksBuildPhase section */

/* Begin PBXGroup section */
		C233A47E16DCD19300420868 = {
			isa = PBXGroup;
			children = (
				C233A49316DCD19300420868 /* plistDemo */,
				C233A48C16DCD19300420868 /* Frameworks */,
				C233A48A16DCD19300420868 /* Products */,
			);
			sourceTree = "<group>";
		};
		C233A48A16DCD19300420868 /* Products */ = {
			isa = PBXGroup;
			children = (
				C233A48916DCD19300420868 /* plistDemo.app */,
			);
			name = Products;
			sourceTree = "<group>";
		};
		C233A48C16DCD19300420868 /* Frameworks */ = {
			isa = PBXGroup;
			children = (
				C263191C16DF3CB00015E696 /* QuartzCore.framework */,
				C233A4CB16DCFD7800420868 /* libxml2.dylib */,
				C233A48D16DCD19300420868 /* UIKit.framework */,
				C233A48F16DCD19300420868 /* Foundation.framework */,
				C233A49116DCD19300420868 /* CoreGraphics.framework */,
			);
			name = Frameworks;
			sourceTree = "<group>";
		};
		C233A49316DCD19300420868 /* plistDemo */ = {
			isa = PBXGroup;
			children = (
				C2A24AAC16EB370F00A2E40E /* FlickTabControl */,
				C23A1ED616E655570090CB9A /* Model */,
				C233A4BF16DCD31400420868 /* Hpple */,
				C233A49C16DCD19300420868 /* AppDelegate.h */,
				C233A49D16DCD19300420868 /* AppDelegate.m */,
				C233A49416DCD19300420868 /* Supporting Files */,
				C233A4AA16DCD1AB00420868 /* RootViewController.h */,
				C233A4AB16DCD1AB00420868 /* RootViewController.m */,
				C23A1EB816E6267F0090CB9A /* MitbbsTableViewCell.h */,
				C23A1EB916E6267F0090CB9A /* MitbbsTableViewCell.m */,
				C2B81F7D16ECBA020034F056 /* SecondViewController.h */,
				C2B81F7E16ECBA030034F056 /* SecondViewController.m */,
			);
			path = plistDemo;
			sourceTree = "<group>";
		};
		C233A49416DCD19300420868 /* Supporting Files */ = {
			isa = PBXGroup;
			children = (
				C23A1EC316E6311A0090CB9A /* Image */,
				C233A4C916DCD68300420868 /* plistdemo.plist */,
				C233A49516DCD19300420868 /* plistDemo-Info.plist */,
				C233A49616DCD19300420868 /* InfoPlist.strings */,
				C233A49916DCD19300420868 /* main.m */,
				C233A49B16DCD19300420868 /* plistDemo-Prefix.pch */,
				C233A49F16DCD19300420868 /* Default.png */,
				C233A4A116DCD19300420868 /* Default@2x.png */,
				C233A4A316DCD19300420868 /* Default-568h@2x.png */,
			);
			name = "Supporting Files";
			sourceTree = "<group>";
		};
		C233A4BF16DCD31400420868 /* Hpple */ = {
			isa = PBXGroup;
			children = (
				C233A4C616DCD35200420868 /* XPathQuery.h */,
				C233A4C716DCD35200420868 /* XPathQuery.m */,
				C233A4C016DCD34400420868 /* TFHpple.h */,
				C233A4C116DCD34400420868 /* TFHpple.m */,
				C233A4C216DCD34400420868 /* TFHppleElement.h */,
				C233A4C316DCD34400420868 /* TFHppleElement.m */,
			);
			path = Hpple;
			sourceTree = "<group>";
		};
		C23A1EC316E6311A0090CB9A /* Image */ = {
			isa = PBXGroup;
			children = (
				C2B81F7516EC6E300034F056 /* pagecornerlarge-prefs.png */,
				C2B81F7616EC6E310034F056 /* pagecornerlarge-prefs@2x.png */,
				C2B81F7316EC52E60034F056 /* tabBack.png */,
				C2B81F6516EC222D0034F056 /* blue-horizontal-line.png */,
				C2B81F6616EC222D0034F056 /* navbarBackBlack.png */,
				C2B81F6716EC222D0034F056 /* profileBarButton.png */,
				C2B81F6816EC222D0034F056 /* profileBarButton@2x.png */,
				C2B81F6916EC222D0034F056 /* profileBarButtonHighlighted.png */,
				C2B81F6A16EC222D0034F056 /* profileBarButtonHighlighted@2x.png */,
				C2A24AFE16EB3DE200A2E40E /* cancel-button-background.png */,
				C28E476E16E8E49B00C37651 /* pagecornerlarge.png */,
				C28E476F16E8E49B00C37651 /* pagecornerlarge@2x.png */,
				C23A1EC416E631390090CB9A /* 123@2x.png */,
			);
			path = Image;
			sourceTree = "<group>";
		};
		C23A1ED616E655570090CB9A /* Model */ = {
			isa = PBXGroup;
			children = (
				C23A1ED716E655770090CB9A /* ArticleInformation.h */,
				C23A1ED816E655770090CB9A /* ArticleInformation.m */,
			);
			name = Model;
			sourceTree = "<group>";
		};
		C2A24AAC16EB370F00A2E40E /* FlickTabControl */ = {
			isa = PBXGroup;
			children = (
				C2A24AAD16EB370F00A2E40E /* Classes */,
				C2A24AB516EB370F00A2E40E /* Resources */,
			);
			path = FlickTabControl;
			sourceTree = "<group>";
		};
		C2A24AAD16EB370F00A2E40E /* Classes */ = {
			isa = PBXGroup;
			children = (
				C2A24AAE16EB370F00A2E40E /* FlickTabButton.h */,
				C2A24AAF16EB370F00A2E40E /* FlickTabButton.m */,
				C2A24AB016EB370F00A2E40E /* FlickTabControl.h */,
				C2A24AB116EB370F00A2E40E /* FlickTableViewController.h */,
				C2A24AB216EB370F00A2E40E /* FlickTableViewController.m */,
				C2A24AB316EB370F00A2E40E /* FlickTabView.h */,
				C2A24AB416EB370F00A2E40E /* FlickTabView.m */,
			);
			path = Classes;
			sourceTree = "<group>";
		};
		C2A24AB516EB370F00A2E40E /* Resources */ = {
			isa = PBXGroup;
			children = (
				C2A24AB616EB370F00A2E40E /* blue-vertical-line.png */,
				C2A24AB716EB370F00A2E40E /* flick-fade-lt.png */,
				C2A24AB816EB370F00A2E40E /* flick-fade-rt.png */,
				C2A24AB916EB370F00A2E40E /* flick-tab-bck.png */,
				C2A24ABA16EB370F00A2E40E /* flick-tab-over.png */,
				C2A24ABB16EB370F00A2E40E /* uparrow.png */,
				C2A24ABC16EB370F00A2E40E /* uparrow@2x.png */,
			);
			path = Resources;
			sourceTree = "<group>";
		};
/* End PBXGroup section */

/* Begin PBXNativeTarget section */
		C233A48816DCD19300420868 /* plistDemo */ = {
			isa = PBXNativeTarget;
			buildConfigurationList = C233A4A716DCD19300420868 /* Build configuration list for PBXNativeTarget "plistDemo" */;
			buildPhases = (
				C233A48516DCD19300420868 /* Sources */,
				C233A48616DCD19300420868 /* Frameworks */,
				C233A48716DCD19300420868 /* Resources */,
			);
			buildRules = (
			);
			dependencies = (
			);
			name = plistDemo;
			productName = plistDemo;
			productReference = C233A48916DCD19300420868 /* plistDemo.app */;
			productType = "com.apple.product-type.application";
		};
/* End PBXNativeTarget section */

/* Begin PBXProject section */
		C233A48016DCD19300420868 /* Project object */ = {
			isa = PBXProject;
			attributes = {
				LastUpgradeCheck = 0450;
				ORGANIZATIONNAME = "Yuan Junsheng";
			};
			buildConfigurationList = C233A48316DCD19300420868 /* Build configuration list for PBXProject "plistDemo" */;
			compatibilityVersion = "Xcode 3.2";
			developmentRegion = English;
			hasScannedForEncodings = 0;
			knownRegions = (
				en,
			);
			mainGroup = C233A47E16DCD19300420868;
			productRefGroup = C233A48A16DCD19300420868 /* Products */;
			projectDirPath = "";
			projectRoot = "";
			targets = (
				C233A48816DCD19300420868 /* plistDemo */,
			);
		};
/* End PBXProject section */

/* Begin PBXResourcesBuildPhase section */
		C233A48716DCD19300420868 /* Resources */ = {
			isa = PBXResourcesBuildPhase;
			buildActionMask = 2147483647;
			files = (
				C233A49816DCD19300420868 /* InfoPlist.strings in Resources */,
				C233A4A016DCD19300420868 /* Default.png in Resources */,
				C233A4A216DCD19300420868 /* Default@2x.png in Resources */,
				C233A4A416DCD19300420868 /* Default-568h@2x.png in Resources */,
				C233A4CA16DCD68300420868 /* plistdemo.plist in Resources */,
				C23A1EC516E631390090CB9A /* 123@2x.png in Resources */,
				C28E477016E8E49B00C37651 /* pagecornerlarge.png in Resources */,
				C28E477116E8E49B00C37651 /* pagecornerlarge@2x.png in Resources */,
				C2A24AC016EB370F00A2E40E /* blue-vertical-line.png in Resources */,
				C2A24AC116EB370F00A2E40E /* flick-fade-lt.png in Resources */,
				C2A24AC216EB370F00A2E40E /* flick-fade-rt.png in Resources */,
				C2A24AC316EB370F00A2E40E /* flick-tab-bck.png in Resources */,
				C2A24AC416EB370F00A2E40E /* flick-tab-over.png in Resources */,
				C2A24AC516EB370F00A2E40E /* uparrow.png in Resources */,
				C2A24AC616EB370F00A2E40E /* uparrow@2x.png in Resources */,
				C2A24B0116EB3DE200A2E40E /* cancel-button-background.png in Resources */,
				C2B81F6C16EC222D0034F056 /* blue-horizontal-line.png in Resources */,
				C2B81F6D16EC222D0034F056 /* navbarBackBlack.png in Resources */,
				C2B81F6E16EC222D0034F056 /* profileBarButton.png in Resources */,
				C2B81F6F16EC222D0034F056 /* profileBarButton@2x.png in Resources */,
				C2B81F7016EC222D0034F056 /* profileBarButtonHighlighted.png in Resources */,
				C2B81F7116EC222D0034F056 /* profileBarButtonHighlighted@2x.png in Resources */,
				C2B81F7416EC52E70034F056 /* tabBack.png in Resources */,
				C2B81F7716EC6E310034F056 /* pagecornerlarge-prefs.png in Resources */,
				C2B81F7816EC6E310034F056 /* pagecornerlarge-prefs@2x.png in Resources */,
			);
			runOnlyForDeploymentPostprocessing = 0;
		};
/* End PBXResourcesBuildPhase section */

/* Begin PBXSourcesBuildPhase section */
		C233A48516DCD19300420868 /* Sources */ = {
			isa = PBXSourcesBuildPhase;
			buildActionMask = 2147483647;
			files = (
				C233A49A16DCD19300420868 /* main.m in Sources */,
				C233A49E16DCD19300420868 /* AppDelegate.m in Sources */,
				C233A4AC16DCD1AB00420868 /* RootViewController.m in Sources */,
				C233A4C416DCD34400420868 /* TFHpple.m in Sources */,
				C233A4C516DCD34400420868 /* TFHppleElement.m in Sources */,
				C233A4C816DCD35200420868 /* XPathQuery.m in Sources */,
				C23A1EBA16E6267F0090CB9A /* MitbbsTableViewCell.m in Sources */,
				C23A1ED916E655770090CB9A /* ArticleInformation.m in Sources */,
				C2A24ABD16EB370F00A2E40E /* FlickTabButton.m in Sources */,
				C2A24ABE16EB370F00A2E40E /* FlickTableViewController.m in Sources */,
				C2A24ABF16EB370F00A2E40E /* FlickTabView.m in Sources */,
				C2B81F7F16ECBA040034F056 /* SecondViewController.m in Sources */,
			);
			runOnlyForDeploymentPostprocessing = 0;
		};
/* End PBXSourcesBuildPhase section */

/* Begin PBXVariantGroup section */
		C233A49616DCD19300420868 /* InfoPlist.strings */ = {
			isa = PBXVariantGroup;
			children = (
				C233A49716DCD19300420868 /* en */,
			);
			name = InfoPlist.strings;
			sourceTree = "<group>";
		};
/* End PBXVariantGroup section */

/* Begin XCBuildConfiguration section */
		C233A4A516DCD19300420868 /* Debug */ = {
			isa = XCBuildConfiguration;
			buildSettings = {
				ALWAYS_SEARCH_USER_PATHS = NO;
				CLANG_CXX_LANGUAGE_STANDARD = "gnu++0x";
				CLANG_CXX_LIBRARY = "libc++";
				CLANG_ENABLE_OBJC_ARC = YES;
				CLANG_WARN_EMPTY_BODY = YES;
				CLANG_WARN__DUPLICATE_METHOD_MATCH = YES;
				"CODE_SIGN_IDENTITY[sdk=iphoneos*]" = "iPhone Developer";
				COPY_PHASE_STRIP = NO;
				GCC_C_LANGUAGE_STANDARD = gnu99;
				GCC_DYNAMIC_NO_PIC = NO;
				GCC_OPTIMIZATION_LEVEL = 0;
				GCC_PREPROCESSOR_DEFINITIONS = (
					"DEBUG=1",
					"$(inherited)",
				);
				GCC_SYMBOLS_PRIVATE_EXTERN = NO;
				GCC_WARN_ABOUT_RETURN_TYPE = YES;
				GCC_WARN_UNINITIALIZED_AUTOS = YES;
				GCC_WARN_UNUSED_VARIABLE = YES;
				IPHONEOS_DEPLOYMENT_TARGET = 6.0;
				ONLY_ACTIVE_ARCH = YES;
				SDKROOT = iphoneos;
			};
			name = Debug;
		};
		C233A4A616DCD19300420868 /* Release */ = {
			isa = XCBuildConfiguration;
			buildSettings = {
				ALWAYS_SEARCH_USER_PATHS = NO;
				CLANG_CXX_LANGUAGE_STANDARD = "gnu++0x";
				CLANG_CXX_LIBRARY = "libc++";
				CLANG_ENABLE_OBJC_ARC = YES;
				CLANG_WARN_EMPTY_BODY = YES;
				CLANG_WARN__DUPLICATE_METHOD_MATCH = YES;
				"CODE_SIGN_IDENTITY[sdk=iphoneos*]" = "iPhone Developer";
				COPY_PHASE_STRIP = YES;
				GCC_C_LANGUAGE_STANDARD = gnu99;
				GCC_WARN_ABOUT_RETURN_TYPE = YES;
				GCC_WARN_UNINITIALIZED_AUTOS = YES;
				GCC_WARN_UNUSED_VARIABLE = YES;
				IPHONEOS_DEPLOYMENT_TARGET = 6.0;
				OTHER_CFLAGS = "-DNS_BLOCK_ASSERTIONS=1";
				SDKROOT = iphoneos;
				VALIDATE_PRODUCT = YES;
			};
			name = Release;
		};
		C233A4A816DCD19300420868 /* Debug */ = {
			isa = XCBuildConfiguration;
			buildSettings = {
				FRAMEWORK_SEARCH_PATHS = (
					"$(inherited)",
					"\"$(SYSTEM_APPS_DIR)/Xcode.app/Contents/Developer/Library/Frameworks\"",
				);
				GCC_PRECOMPILE_PREFIX_HEADER = YES;
				GCC_PREFIX_HEADER = "plistDemo/plistDemo-Prefix.pch";
				HEADER_SEARCH_PATHS = "${SDKROOT}/usr/include/libxml2";
				INFOPLIST_FILE = "plistDemo/plistDemo-Info.plist";
				OTHER_LDFLAGS = "";
				PRODUCT_NAME = "$(TARGET_NAME)";
				WRAPPER_EXTENSION = app;
			};
			name = Debug;
		};
		C233A4A916DCD19300420868 /* Release */ = {
			isa = XCBuildConfiguration;
			buildSettings = {
				FRAMEWORK_SEARCH_PATHS = (
					"$(inherited)",
					"\"$(SYSTEM_APPS_DIR)/Xcode.app/Contents/Developer/Library/Frameworks\"",
				);
				GCC_PRECOMPILE_PREFIX_HEADER = YES;
				GCC_PREFIX_HEADER = "plistDemo/plistDemo-Prefix.pch";
				HEADER_SEARCH_PATHS = "${SDKROOT}/usr/include/libxml2";
				INFOPLIST_FILE = "plistDemo/plistDemo-Info.plist";
				OTHER_LDFLAGS = "";
				PRODUCT_NAME = "$(TARGET_NAME)";
				WRAPPER_EXTENSION = app;
			};
			name = Release;
		};
/* End XCBuildConfiguration section */

/* Begin XCConfigurationList section */
		C233A48316DCD19300420868 /* Build configuration list for PBXProject "plistDemo" */ = {
			isa = XCConfigurationList;
			buildConfigurations = (
				C233A4A516DCD19300420868 /* Debug */,
				C233A4A616DCD19300420868 /* Release */,
			);
			defaultConfigurationIsVisible = 0;
			defaultConfigurationName = Release;
		};
		C233A4A716DCD19300420868 /* Build configuration list for PBXNativeTarget "plistDemo" */ = {
			isa = XCConfigurationList;
			buildConfigurations = (
				C233A4A816DCD19300420868 /* Debug */,
				C233A4A916DCD19300420868 /* Release */,
			);
			defaultConfigurationIsVisible = 0;
			defaultConfigurationName = Release;
		};
/* End XCConfigurationList section */
	};
	rootObject = C233A48016DCD19300420868 /* Project object */;
}
